
Microsoft Visual Studio Solution File, Format Version 12.00
# Visual Studio Version 17
VisualStudioVersion = 17.10.34928.147
MinimumVisualStudioVersion = 10.0.40219.1
Project("{FAE04EC0-301F-11D3-BF4B-00C04F79EFBC}") = "Generics.Lab", "Generics.Lab\Generics.Lab.csproj", "{C83F6A8B-E3DA-43F6-ADE1-0EC04B176DCF}"
EndProject
Global
	GlobalSection(SolutionConfigurationPlatforms) = preSolution
		Debug|Any CPU = Debug|Any CPU
		Release|Any CPU = Release|Any CPU
	EndGlobalSection
	GlobalSection(ProjectConfigurationPlatforms) = postSolution
		{C83F6A8B-E3DA-43F6-ADE1-0EC04B176DCF}.Debug|Any CPU.ActiveCfg = Debug|Any CPU
		{C83F6A8B-E3DA-43F6-ADE1-0EC04B176DCF}.Debug|Any CPU.Build.0 = Debug|Any CPU
		{C83F6A8B-E3DA-43F6-ADE1-0EC04B176DCF}.Release|Any CPU.ActiveCfg = Release|Any CPU
		{C83F6A8B-E3DA-43F6-ADE1-0EC04B176DCF}.Release|Any CPU.Build.0 = Release|Any CPU
	EndGlobalSection
	GlobalSection(SolutionProperties) = preSolution
		HideSolutionNode = FALSE
	EndGlobalSection
	GlobalSection(ExtensibilityGlobals) = postSolution
		SolutionGuid = {070D3D0B-87F8-4A9F-B766-072DD15F484E}
	EndGlobalSection
EndGlobal
